{
  "pins" : [
    {
      "identity" : "roboflow-swift",
      "kind" : "remoteSourceControl",
      "location" : "https://github.com/alpaycli/roboflow-swift.git",
      "state" : {
        "branch" : "refactor",
        "revision" : "9428811d5b98a17bdbe1f8e0bf924e82a045e16d"
      }
    }
  ],
  "version" : 2
}
